
Microsoft Visual Studio Solution File, Format Version 12.00
# Visual Studio 15
Project("{FAE04EC0-301F-11D3-BF4B-00C04F79EFBC}") = "Meta.WitAi", "Meta.WitAi.csproj", "{F394CF62-8697-535C-B33E-E9958F55D89D}"
EndProject
Project("{FAE04EC0-301F-11D3-BF4B-00C04F79EFBC}") = "VoiceSDK.Dictation.Runtime", "VoiceSDK.Dictation.Runtime.csproj", "{BA8E2B19-5DC0-BBD5-B3CA-579F343D39EA}"
EndProject
Project("{FAE04EC0-301F-11D3-BF4B-00C04F79EFBC}") = "Meta.WitAi.Lib", "Meta.WitAi.Lib.csproj", "{809C9F0B-D13E-80B8-FA4A-4CCBBF424F06}"
EndProject
Project("{FAE04EC0-301F-11D3-BF4B-00C04F79EFBC}") = "Meta.Voice.Hub.Runtime", "Meta.Voice.Hub.Runtime.csproj", "{93297F74-FDB4-2018-FA0F-0AC6769E74D5}"
EndProject
Project("{FAE04EC0-301F-11D3-BF4B-00C04F79EFBC}") = "VoiceSDK.Runtime", "VoiceSDK.Runtime.csproj", "{6E2B8643-7DA8-9422-CECC-5865B6810C0D}"
EndProject
Project("{FAE04EC0-301F-11D3-BF4B-00C04F79EFBC}") = "Meta.WitAi.TTS.Samples", "Meta.WitAi.TTS.Samples.csproj", "{8953C1CD-3023-4950-E271-9ED50598A963}"
EndProject
Project("{FAE04EC0-301F-11D3-BF4B-00C04F79EFBC}") = "Oculus.Voice.Demo", "Oculus.Voice.Demo.csproj", "{FA07551C-1D7F-CED7-FD4A-0768E75AB1C2}"
EndProject
Project("{FAE04EC0-301F-11D3-BF4B-00C04F79EFBC}") = "AssistantCoreSDKRuntime", "AssistantCoreSDKRuntime.csproj", "{5C7A0E9E-A878-691A-5418-D88D741ED447}"
EndProject
Project("{FAE04EC0-301F-11D3-BF4B-00C04F79EFBC}") = "Meta.WitAi.Conduit", "Meta.WitAi.Conduit.csproj", "{5E0DCAEA-C6FB-C294-C08B-96800E0D4E95}"
EndProject
Project("{FAE04EC0-301F-11D3-BF4B-00C04F79EFBC}") = "Oculus.LipSync", "Oculus.LipSync.csproj", "{5DE5DC3A-1322-36D7-F975-5C1235DF221B}"
EndProject
Project("{FAE04EC0-301F-11D3-BF4B-00C04F79EFBC}") = "Assembly-CSharp", "Assembly-CSharp.csproj", "{0E846DFE-7321-311A-2571-5D9C8C185603}"
EndProject
Project("{FAE04EC0-301F-11D3-BF4B-00C04F79EFBC}") = "Meta.VoiceSDK.Mic.Other", "Meta.VoiceSDK.Mic.Other.csproj", "{0976A62E-3E4F-1BCF-93B8-8BCDF8973BA0}"
EndProject
Project("{FAE04EC0-301F-11D3-BF4B-00C04F79EFBC}") = "Meta.VoiceSDK.Mic.WebGL", "Meta.VoiceSDK.Mic.WebGL.csproj", "{77225949-F166-1055-C398-85AE31AACA23}"
EndProject
Project("{FAE04EC0-301F-11D3-BF4B-00C04F79EFBC}") = "Meta.VoiceSDK.Mic.Common", "Meta.VoiceSDK.Mic.Common.csproj", "{9EDAAFB7-A08C-76BC-94C1-C5421670F406}"
EndProject
Project("{FAE04EC0-301F-11D3-BF4B-00C04F79EFBC}") = "Facebook.Wit.Dictation", "Facebook.Wit.Dictation.csproj", "{29187E4A-2318-E3A3-84B4-1C9FBF3F1C00}"
EndProject
Project("{FAE04EC0-301F-11D3-BF4B-00C04F79EFBC}") = "Unity.XR.Interaction.Toolkit.Samples.StarterAssets", "Unity.XR.Interaction.Toolkit.Samples.StarterAssets.csproj", "{7D1566BC-8E3B-BADA-F071-BAF66F01C496}"
EndProject
Project("{FAE04EC0-301F-11D3-BF4B-00C04F79EFBC}") = "Meta.WitAi.TTS", "Meta.WitAi.TTS.csproj", "{6B9A3D71-1050-2FBD-3219-B80DCEF04C99}"
EndProject
Project("{FAE04EC0-301F-11D3-BF4B-00C04F79EFBC}") = "Meta.WitAi.Editor", "Meta.WitAi.Editor.csproj", "{FE1E4617-B31D-FF75-D85C-25FC47FA4F0D}"
EndProject
Project("{FAE04EC0-301F-11D3-BF4B-00C04F79EFBC}") = "Meta.WitAI.Lib.Editor", "Meta.WitAI.Lib.Editor.csproj", "{163FE387-37BD-AAD6-AD26-6BEB70AA5D78}"
EndProject
Project("{FAE04EC0-301F-11D3-BF4B-00C04F79EFBC}") = "Meta.WitAi.Conduit.Editor", "Meta.WitAi.Conduit.Editor.csproj", "{2BA722FF-686C-A922-2C01-49BEEEA7FF99}"
EndProject
Project("{FAE04EC0-301F-11D3-BF4B-00C04F79EFBC}") = "Meta.Voice.Hub.Editor", "Meta.Voice.Hub.Editor.csproj", "{887EB5F5-191F-A51E-94D3-8C0D000A58BD}"
EndProject
Project("{FAE04EC0-301F-11D3-BF4B-00C04F79EFBC}") = "Meta.WitAi.TTS.Editor", "Meta.WitAi.TTS.Editor.csproj", "{1687C3C2-51F5-27F6-38B2-F81C24746104}"
EndProject
Project("{FAE04EC0-301F-11D3-BF4B-00C04F79EFBC}") = "VoiceSDK.Dictation.Editor", "VoiceSDK.Dictation.Editor.csproj", "{99DB714B-222D-AA7C-207B-5D19E45FAE44}"
EndProject
Project("{FAE04EC0-301F-11D3-BF4B-00C04F79EFBC}") = "VoiceSDK.Editor", "VoiceSDK.Editor.csproj", "{CA564F69-4E6E-C5CE-7209-622C1162BEDA}"
EndProject
Project("{FAE04EC0-301F-11D3-BF4B-00C04F79EFBC}") = "Assembly-CSharp-Editor", "Assembly-CSharp-Editor.csproj", "{F347285B-EED4-A422-B151-0CBF6476278F}"
EndProject
Project("{FAE04EC0-301F-11D3-BF4B-00C04F79EFBC}") = "Oculus.LipSync.Editor", "Oculus.LipSync.Editor.csproj", "{50353A1E-9577-1685-42BD-45304A75C2F6}"
EndProject
Project("{FAE04EC0-301F-11D3-BF4B-00C04F79EFBC}") = "Facebook.Wit.Dictation.Editor", "Facebook.Wit.Dictation.Editor.csproj", "{CC1620EF-22F6-70FE-FA0B-8352C4925613}"
EndProject
Project("{FAE04EC0-301F-11D3-BF4B-00C04F79EFBC}") = "Meta.Voice.VSDKHub.Editor", "Meta.Voice.VSDKHub.Editor.csproj", "{D1F1057A-99DF-4F44-94D8-602F56158B91}"
EndProject
Project("{FAE04EC0-301F-11D3-BF4B-00C04F79EFBC}") = "AssistantCoreSDKEditor", "AssistantCoreSDKEditor.csproj", "{82DF7356-733C-4551-D772-BBC725E63A24}"
EndProject
Global
	GlobalSection(SolutionConfigurationPlatforms) = preSolution
		Debug|Any CPU = Debug|Any CPU
		Release|Any CPU = Release|Any CPU
	EndGlobalSection
	GlobalSection(ProjectConfigurationPlatforms) = postSolution
		{F394CF62-8697-535C-B33E-E9958F55D89D}.Debug|Any CPU.ActiveCfg = Debug|Any CPU
		{F394CF62-8697-535C-B33E-E9958F55D89D}.Debug|Any CPU.Build.0 = Debug|Any CPU
		{F394CF62-8697-535C-B33E-E9958F55D89D}.Release|Any CPU.ActiveCfg = Release|Any CPU
		{F394CF62-8697-535C-B33E-E9958F55D89D}.Release|Any CPU.Build.0 = Release|Any CPU
		{BA8E2B19-5DC0-BBD5-B3CA-579F343D39EA}.Debug|Any CPU.ActiveCfg = Debug|Any CPU
		{BA8E2B19-5DC0-BBD5-B3CA-579F343D39EA}.Debug|Any CPU.Build.0 = Debug|Any CPU
		{BA8E2B19-5DC0-BBD5-B3CA-579F343D39EA}.Release|Any CPU.ActiveCfg = Release|Any CPU
		{BA8E2B19-5DC0-BBD5-B3CA-579F343D39EA}.Release|Any CPU.Build.0 = Release|Any CPU
		{809C9F0B-D13E-80B8-FA4A-4CCBBF424F06}.Debug|Any CPU.ActiveCfg = Debug|Any CPU
		{809C9F0B-D13E-80B8-FA4A-4CCBBF424F06}.Debug|Any CPU.Build.0 = Debug|Any CPU
		{809C9F0B-D13E-80B8-FA4A-4CCBBF424F06}.Release|Any CPU.ActiveCfg = Release|Any CPU
		{809C9F0B-D13E-80B8-FA4A-4CCBBF424F06}.Release|Any CPU.Build.0 = Release|Any CPU
		{93297F74-FDB4-2018-FA0F-0AC6769E74D5}.Debug|Any CPU.ActiveCfg = Debug|Any CPU
		{93297F74-FDB4-2018-FA0F-0AC6769E74D5}.Debug|Any CPU.Build.0 = Debug|Any CPU
		{93297F74-FDB4-2018-FA0F-0AC6769E74D5}.Release|Any CPU.ActiveCfg = Release|Any CPU
		{93297F74-FDB4-2018-FA0F-0AC6769E74D5}.Release|Any CPU.Build.0 = Release|Any CPU
		{6E2B8643-7DA8-9422-CECC-5865B6810C0D}.Debug|Any CPU.ActiveCfg = Debug|Any CPU
		{6E2B8643-7DA8-9422-CECC-5865B6810C0D}.Debug|Any CPU.Build.0 = Debug|Any CPU
		{6E2B8643-7DA8-9422-CECC-5865B6810C0D}.Release|Any CPU.ActiveCfg = Release|Any CPU
		{6E2B8643-7DA8-9422-CECC-5865B6810C0D}.Release|Any CPU.Build.0 = Release|Any CPU
		{8953C1CD-3023-4950-E271-9ED50598A963}.Debug|Any CPU.ActiveCfg = Debug|Any CPU
		{8953C1CD-3023-4950-E271-9ED50598A963}.Debug|Any CPU.Build.0 = Debug|Any CPU
		{8953C1CD-3023-4950-E271-9ED50598A963}.Release|Any CPU.ActiveCfg = Release|Any CPU
		{8953C1CD-3023-4950-E271-9ED50598A963}.Release|Any CPU.Build.0 = Release|Any CPU
		{FA07551C-1D7F-CED7-FD4A-0768E75AB1C2}.Debug|Any CPU.ActiveCfg = Debug|Any CPU
		{FA07551C-1D7F-CED7-FD4A-0768E75AB1C2}.Debug|Any CPU.Build.0 = Debug|Any CPU
		{FA07551C-1D7F-CED7-FD4A-0768E75AB1C2}.Release|Any CPU.ActiveCfg = Release|Any CPU
		{FA07551C-1D7F-CED7-FD4A-0768E75AB1C2}.Release|Any CPU.Build.0 = Release|Any CPU
		{5C7A0E9E-A878-691A-5418-D88D741ED447}.Debug|Any CPU.ActiveCfg = Debug|Any CPU
		{5C7A0E9E-A878-691A-5418-D88D741ED447}.Debug|Any CPU.Build.0 = Debug|Any CPU
		{5C7A0E9E-A878-691A-5418-D88D741ED447}.Release|Any CPU.ActiveCfg = Release|Any CPU
		{5C7A0E9E-A878-691A-5418-D88D741ED447}.Release|Any CPU.Build.0 = Release|Any CPU
		{5E0DCAEA-C6FB-C294-C08B-96800E0D4E95}.Debug|Any CPU.ActiveCfg = Debug|Any CPU
		{5E0DCAEA-C6FB-C294-C08B-96800E0D4E95}.Debug|Any CPU.Build.0 = Debug|Any CPU
		{5E0DCAEA-C6FB-C294-C08B-96800E0D4E95}.Release|Any CPU.ActiveCfg = Release|Any CPU
		{5E0DCAEA-C6FB-C294-C08B-96800E0D4E95}.Release|Any CPU.Build.0 = Release|Any CPU
		{5DE5DC3A-1322-36D7-F975-5C1235DF221B}.Debug|Any CPU.ActiveCfg = Debug|Any CPU
		{5DE5DC3A-1322-36D7-F975-5C1235DF221B}.Debug|Any CPU.Build.0 = Debug|Any CPU
		{5DE5DC3A-1322-36D7-F975-5C1235DF221B}.Release|Any CPU.ActiveCfg = Release|Any CPU
		{5DE5DC3A-1322-36D7-F975-5C1235DF221B}.Release|Any CPU.Build.0 = Release|Any CPU
		{0E846DFE-7321-311A-2571-5D9C8C185603}.Debug|Any CPU.ActiveCfg = Debug|Any CPU
		{0E846DFE-7321-311A-2571-5D9C8C185603}.Debug|Any CPU.Build.0 = Debug|Any CPU
		{0E846DFE-7321-311A-2571-5D9C8C185603}.Release|Any CPU.ActiveCfg = Release|Any CPU
		{0E846DFE-7321-311A-2571-5D9C8C185603}.Release|Any CPU.Build.0 = Release|Any CPU
		{0976A62E-3E4F-1BCF-93B8-8BCDF8973BA0}.Debug|Any CPU.ActiveCfg = Debug|Any CPU
		{0976A62E-3E4F-1BCF-93B8-8BCDF8973BA0}.Debug|Any CPU.Build.0 = Debug|Any CPU
		{0976A62E-3E4F-1BCF-93B8-8BCDF8973BA0}.Release|Any CPU.ActiveCfg = Release|Any CPU
		{0976A62E-3E4F-1BCF-93B8-8BCDF8973BA0}.Release|Any CPU.Build.0 = Release|Any CPU
		{77225949-F166-1055-C398-85AE31AACA23}.Debug|Any CPU.ActiveCfg = Debug|Any CPU
		{77225949-F166-1055-C398-85AE31AACA23}.Debug|Any CPU.Build.0 = Debug|Any CPU
		{77225949-F166-1055-C398-85AE31AACA23}.Release|Any CPU.ActiveCfg = Release|Any CPU
		{77225949-F166-1055-C398-85AE31AACA23}.Release|Any CPU.Build.0 = Release|Any CPU
		{9EDAAFB7-A08C-76BC-94C1-C5421670F406}.Debug|Any CPU.ActiveCfg = Debug|Any CPU
		{9EDAAFB7-A08C-76BC-94C1-C5421670F406}.Debug|Any CPU.Build.0 = Debug|Any CPU
		{9EDAAFB7-A08C-76BC-94C1-C5421670F406}.Release|Any CPU.ActiveCfg = Release|Any CPU
		{9EDAAFB7-A08C-76BC-94C1-C5421670F406}.Release|Any CPU.Build.0 = Release|Any CPU
		{29187E4A-2318-E3A3-84B4-1C9FBF3F1C00}.Debug|Any CPU.ActiveCfg = Debug|Any CPU
		{29187E4A-2318-E3A3-84B4-1C9FBF3F1C00}.Debug|Any CPU.Build.0 = Debug|Any CPU
		{29187E4A-2318-E3A3-84B4-1C9FBF3F1C00}.Release|Any CPU.ActiveCfg = Release|Any CPU
		{29187E4A-2318-E3A3-84B4-1C9FBF3F1C00}.Release|Any CPU.Build.0 = Release|Any CPU
		{7D1566BC-8E3B-BADA-F071-BAF66F01C496}.Debug|Any CPU.ActiveCfg = Debug|Any CPU
		{7D1566BC-8E3B-BADA-F071-BAF66F01C496}.Debug|Any CPU.Build.0 = Debug|Any CPU
		{7D1566BC-8E3B-BADA-F071-BAF66F01C496}.Release|Any CPU.ActiveCfg = Release|Any CPU
		{7D1566BC-8E3B-BADA-F071-BAF66F01C496}.Release|Any CPU.Build.0 = Release|Any CPU
		{6B9A3D71-1050-2FBD-3219-B80DCEF04C99}.Debug|Any CPU.ActiveCfg = Debug|Any CPU
		{6B9A3D71-1050-2FBD-3219-B80DCEF04C99}.Debug|Any CPU.Build.0 = Debug|Any CPU
		{6B9A3D71-1050-2FBD-3219-B80DCEF04C99}.Release|Any CPU.ActiveCfg = Release|Any CPU
		{6B9A3D71-1050-2FBD-3219-B80DCEF04C99}.Release|Any CPU.Build.0 = Release|Any CPU
		{FE1E4617-B31D-FF75-D85C-25FC47FA4F0D}.Debug|Any CPU.ActiveCfg = Debug|Any CPU
		{FE1E4617-B31D-FF75-D85C-25FC47FA4F0D}.Debug|Any CPU.Build.0 = Debug|Any CPU
		{FE1E4617-B31D-FF75-D85C-25FC47FA4F0D}.Release|Any CPU.ActiveCfg = Release|Any CPU
		{FE1E4617-B31D-FF75-D85C-25FC47FA4F0D}.Release|Any CPU.Build.0 = Release|Any CPU
		{163FE387-37BD-AAD6-AD26-6BEB70AA5D78}.Debug|Any CPU.ActiveCfg = Debug|Any CPU
		{163FE387-37BD-AAD6-AD26-6BEB70AA5D78}.Debug|Any CPU.Build.0 = Debug|Any CPU
		{163FE387-37BD-AAD6-AD26-6BEB70AA5D78}.Release|Any CPU.ActiveCfg = Release|Any CPU
		{163FE387-37BD-AAD6-AD26-6BEB70AA5D78}.Release|Any CPU.Build.0 = Release|Any CPU
		{2BA722FF-686C-A922-2C01-49BEEEA7FF99}.Debug|Any CPU.ActiveCfg = Debug|Any CPU
		{2BA722FF-686C-A922-2C01-49BEEEA7FF99}.Debug|Any CPU.Build.0 = Debug|Any CPU
		{2BA722FF-686C-A922-2C01-49BEEEA7FF99}.Release|Any CPU.ActiveCfg = Release|Any CPU
		{2BA722FF-686C-A922-2C01-49BEEEA7FF99}.Release|Any CPU.Build.0 = Release|Any CPU
		{887EB5F5-191F-A51E-94D3-8C0D000A58BD}.Debug|Any CPU.ActiveCfg = Debug|Any CPU
		{887EB5F5-191F-A51E-94D3-8C0D000A58BD}.Debug|Any CPU.Build.0 = Debug|Any CPU
		{887EB5F5-191F-A51E-94D3-8C0D000A58BD}.Release|Any CPU.ActiveCfg = Release|Any CPU
		{887EB5F5-191F-A51E-94D3-8C0D000A58BD}.Release|Any CPU.Build.0 = Release|Any CPU
		{1687C3C2-51F5-27F6-38B2-F81C24746104}.Debug|Any CPU.ActiveCfg = Debug|Any CPU
		{1687C3C2-51F5-27F6-38B2-F81C24746104}.Debug|Any CPU.Build.0 = Debug|Any CPU
		{1687C3C2-51F5-27F6-38B2-F81C24746104}.Release|Any CPU.ActiveCfg = Release|Any CPU
		{1687C3C2-51F5-27F6-38B2-F81C24746104}.Release|Any CPU.Build.0 = Release|Any CPU
		{99DB714B-222D-AA7C-207B-5D19E45FAE44}.Debug|Any CPU.ActiveCfg = Debug|Any CPU
		{99DB714B-222D-AA7C-207B-5D19E45FAE44}.Debug|Any CPU.Build.0 = Debug|Any CPU
		{99DB714B-222D-AA7C-207B-5D19E45FAE44}.Release|Any CPU.ActiveCfg = Release|Any CPU
		{99DB714B-222D-AA7C-207B-5D19E45FAE44}.Release|Any CPU.Build.0 = Release|Any CPU
		{CA564F69-4E6E-C5CE-7209-622C1162BEDA}.Debug|Any CPU.ActiveCfg = Debug|Any CPU
		{CA564F69-4E6E-C5CE-7209-622C1162BEDA}.Debug|Any CPU.Build.0 = Debug|Any CPU
		{CA564F69-4E6E-C5CE-7209-622C1162BEDA}.Release|Any CPU.ActiveCfg = Release|Any CPU
		{CA564F69-4E6E-C5CE-7209-622C1162BEDA}.Release|Any CPU.Build.0 = Release|Any CPU
		{F347285B-EED4-A422-B151-0CBF6476278F}.Debug|Any CPU.ActiveCfg = Debug|Any CPU
		{F347285B-EED4-A422-B151-0CBF6476278F}.Debug|Any CPU.Build.0 = Debug|Any CPU
		{F347285B-EED4-A422-B151-0CBF6476278F}.Release|Any CPU.ActiveCfg = Release|Any CPU
		{F347285B-EED4-A422-B151-0CBF6476278F}.Release|Any CPU.Build.0 = Release|Any CPU
		{50353A1E-9577-1685-42BD-45304A75C2F6}.Debug|Any CPU.ActiveCfg = Debug|Any CPU
		{50353A1E-9577-1685-42BD-45304A75C2F6}.Debug|Any CPU.Build.0 = Debug|Any CPU
		{50353A1E-9577-1685-42BD-45304A75C2F6}.Release|Any CPU.ActiveCfg = Release|Any CPU
		{50353A1E-9577-1685-42BD-45304A75C2F6}.Release|Any CPU.Build.0 = Release|Any CPU
		{CC1620EF-22F6-70FE-FA0B-8352C4925613}.Debug|Any CPU.ActiveCfg = Debug|Any CPU
		{CC1620EF-22F6-70FE-FA0B-8352C4925613}.Debug|Any CPU.Build.0 = Debug|Any CPU
		{CC1620EF-22F6-70FE-FA0B-8352C4925613}.Release|Any CPU.ActiveCfg = Release|Any CPU
		{CC1620EF-22F6-70FE-FA0B-8352C4925613}.Release|Any CPU.Build.0 = Release|Any CPU
		{D1F1057A-99DF-4F44-94D8-602F56158B91}.Debug|Any CPU.ActiveCfg = Debug|Any CPU
		{D1F1057A-99DF-4F44-94D8-602F56158B91}.Debug|Any CPU.Build.0 = Debug|Any CPU
		{D1F1057A-99DF-4F44-94D8-602F56158B91}.Release|Any CPU.ActiveCfg = Release|Any CPU
		{D1F1057A-99DF-4F44-94D8-602F56158B91}.Release|Any CPU.Build.0 = Release|Any CPU
		{82DF7356-733C-4551-D772-BBC725E63A24}.Debug|Any CPU.ActiveCfg = Debug|Any CPU
		{82DF7356-733C-4551-D772-BBC725E63A24}.Debug|Any CPU.Build.0 = Debug|Any CPU
		{82DF7356-733C-4551-D772-BBC725E63A24}.Release|Any CPU.ActiveCfg = Release|Any CPU
		{82DF7356-733C-4551-D772-BBC725E63A24}.Release|Any CPU.Build.0 = Release|Any CPU
	EndGlobalSection
	GlobalSection(SolutionProperties) = preSolution
		HideSolutionNode = FALSE
	EndGlobalSection
EndGlobal
