
Microsoft Visual Studio Solution File, Format Version 12.00
# Visual Studio 15
Project("{FAE04EC0-301F-11D3-BF4B-00C04F79EFBC}") = "Meta.WitAi", "Meta.WitAi.csproj", "{E4E66475-E568-A658-A25B-6431DCB68EFA}"
EndProject
Project("{FAE04EC0-301F-11D3-BF4B-00C04F79EFBC}") = "VoiceSDK.Dictation.Runtime", "VoiceSDK.Dictation.Runtime.csproj", "{3128DF00-F8A5-B140-371E-03A98BB6A133}"
EndProject
Project("{FAE04EC0-301F-11D3-BF4B-00C04F79EFBC}") = "Meta.WitAi.Lib", "Meta.WitAi.Lib.csproj", "{AB70E010-1383-C1F5-73C7-2610FA96A5F5}"
EndProject
Project("{FAE04EC0-301F-11D3-BF4B-00C04F79EFBC}") = "Meta.Voice.Hub.Runtime", "Meta.Voice.Hub.Runtime.csproj", "{C6999299-19DF-3598-8AB6-CAF38F9175CA}"
EndProject
Project("{FAE04EC0-301F-11D3-BF4B-00C04F79EFBC}") = "VoiceSDK.Runtime", "VoiceSDK.Runtime.csproj", "{385403DD-5395-0E57-A581-DD8329082DD9}"
EndProject
Project("{FAE04EC0-301F-11D3-BF4B-00C04F79EFBC}") = "Meta.WitAi.TTS.Samples", "Meta.WitAi.TTS.Samples.csproj", "{AFBF7104-0A5B-182B-DEE8-734DE494F519}"
EndProject
Project("{FAE04EC0-301F-11D3-BF4B-00C04F79EFBC}") = "Oculus.Voice.Demo", "Oculus.Voice.Demo.csproj", "{B29959DC-6A10-8912-A9A9-92907DD32985}"
EndProject
Project("{FAE04EC0-301F-11D3-BF4B-00C04F79EFBC}") = "AssistantCoreSDKRuntime", "AssistantCoreSDKRuntime.csproj", "{984F602F-D59A-2B31-4DAD-3E627081DF88}"
EndProject
Project("{FAE04EC0-301F-11D3-BF4B-00C04F79EFBC}") = "Meta.WitAi.Conduit", "Meta.WitAi.Conduit.csproj", "{33A58013-9E47-1E2F-BF4B-BF09DAEA3E29}"
EndProject
Project("{FAE04EC0-301F-11D3-BF4B-00C04F79EFBC}") = "Oculus.LipSync", "Oculus.LipSync.csproj", "{BD00A4FE-15C7-8A49-39F3-F9334563BF65}"
EndProject
Project("{FAE04EC0-301F-11D3-BF4B-00C04F79EFBC}") = "Assembly-CSharp", "Assembly-CSharp.csproj", "{6A4E2582-F7C4-2346-790C-FFCD1B1CE14C}"
EndProject
Project("{FAE04EC0-301F-11D3-BF4B-00C04F79EFBC}") = "Meta.VoiceSDK.Mic.Other", "Meta.VoiceSDK.Mic.Other.csproj", "{40B2F355-735D-91FA-0784-8FB356F9DDA3}"
EndProject
Project("{FAE04EC0-301F-11D3-BF4B-00C04F79EFBC}") = "Meta.VoiceSDK.Mic.WebGL", "Meta.VoiceSDK.Mic.WebGL.csproj", "{2EB77D6B-9203-3FB5-00F9-CB6E3A8985E3}"
EndProject
Project("{FAE04EC0-301F-11D3-BF4B-00C04F79EFBC}") = "Meta.VoiceSDK.Mic.Common", "Meta.VoiceSDK.Mic.Common.csproj", "{9AFC8B63-628B-0C25-8751-7F64B8475058}"
EndProject
Project("{FAE04EC0-301F-11D3-BF4B-00C04F79EFBC}") = "Facebook.Wit.Dictation", "Facebook.Wit.Dictation.csproj", "{1EBCE676-B6C0-4973-C28F-19BC1895C6F2}"
EndProject
Project("{FAE04EC0-301F-11D3-BF4B-00C04F79EFBC}") = "Unity.XR.Interaction.Toolkit.Samples.StarterAssets", "Unity.XR.Interaction.Toolkit.Samples.StarterAssets.csproj", "{06521E2E-5869-C7BC-11AE-9261C00D7271}"
EndProject
Project("{FAE04EC0-301F-11D3-BF4B-00C04F79EFBC}") = "Meta.WitAi.TTS", "Meta.WitAi.TTS.csproj", "{681840E7-11AA-673A-2BEC-F65FE7C8A7FD}"
EndProject
Project("{FAE04EC0-301F-11D3-BF4B-00C04F79EFBC}") = "Meta.WitAi.Editor", "Meta.WitAi.Editor.csproj", "{945F4DDF-7828-4031-B755-3ABCE1680E83}"
EndProject
Project("{FAE04EC0-301F-11D3-BF4B-00C04F79EFBC}") = "Meta.WitAI.Lib.Editor", "Meta.WitAI.Lib.Editor.csproj", "{8676BFE8-EFF2-2CFB-7D71-964F2B82890A}"
EndProject
Project("{FAE04EC0-301F-11D3-BF4B-00C04F79EFBC}") = "Meta.WitAi.Conduit.Editor", "Meta.WitAi.Conduit.Editor.csproj", "{4444CDE4-0742-F7A9-5BBB-A9023EEF56B2}"
EndProject
Project("{FAE04EC0-301F-11D3-BF4B-00C04F79EFBC}") = "Meta.Voice.Hub.Editor", "Meta.Voice.Hub.Editor.csproj", "{6DED6765-6496-E83B-2BFD-AE450A8B03CA}"
EndProject
Project("{FAE04EC0-301F-11D3-BF4B-00C04F79EFBC}") = "Meta.WitAi.TTS.Editor", "Meta.WitAi.TTS.Editor.csproj", "{892CCA79-D289-6168-CD2E-3A7B718D5E72}"
EndProject
Project("{FAE04EC0-301F-11D3-BF4B-00C04F79EFBC}") = "VoiceSDK.Dictation.Editor", "VoiceSDK.Dictation.Editor.csproj", "{7C9CF7E3-80EE-0C3C-C6B6-340F20AF7DAA}"
EndProject
Project("{FAE04EC0-301F-11D3-BF4B-00C04F79EFBC}") = "VoiceSDK.Editor", "VoiceSDK.Editor.csproj", "{6489C6F0-83C5-40BC-EA5A-D02A5C91FB2D}"
EndProject
Project("{FAE04EC0-301F-11D3-BF4B-00C04F79EFBC}") = "Assembly-CSharp-Editor", "Assembly-CSharp-Editor.csproj", "{330B0064-30E4-F270-CC11-A26C746DF33D}"
EndProject
Project("{FAE04EC0-301F-11D3-BF4B-00C04F79EFBC}") = "Oculus.LipSync.Editor", "Oculus.LipSync.Editor.csproj", "{B58CAE00-8A30-2EDA-5AD3-EA97735CC997}"
EndProject
Project("{FAE04EC0-301F-11D3-BF4B-00C04F79EFBC}") = "Facebook.Wit.Dictation.Editor", "Facebook.Wit.Dictation.Editor.csproj", "{5C28B297-E5B2-4CF7-B8D3-A7678E055D60}"
EndProject
Project("{FAE04EC0-301F-11D3-BF4B-00C04F79EFBC}") = "Meta.Voice.VSDKHub.Editor", "Meta.Voice.VSDKHub.Editor.csproj", "{892BBA02-F22B-E59E-CB91-F87496192FDA}"
EndProject
Project("{FAE04EC0-301F-11D3-BF4B-00C04F79EFBC}") = "AssistantCoreSDKEditor", "AssistantCoreSDKEditor.csproj", "{CF063DA7-3DD3-9083-0EE2-9C9E87109DA7}"
EndProject
Global
	GlobalSection(SolutionConfigurationPlatforms) = preSolution
		Debug|Any CPU = Debug|Any CPU
		Release|Any CPU = Release|Any CPU
	EndGlobalSection
	GlobalSection(ProjectConfigurationPlatforms) = postSolution
		{E4E66475-E568-A658-A25B-6431DCB68EFA}.Debug|Any CPU.ActiveCfg = Debug|Any CPU
		{E4E66475-E568-A658-A25B-6431DCB68EFA}.Debug|Any CPU.Build.0 = Debug|Any CPU
		{E4E66475-E568-A658-A25B-6431DCB68EFA}.Release|Any CPU.ActiveCfg = Release|Any CPU
		{E4E66475-E568-A658-A25B-6431DCB68EFA}.Release|Any CPU.Build.0 = Release|Any CPU
		{3128DF00-F8A5-B140-371E-03A98BB6A133}.Debug|Any CPU.ActiveCfg = Debug|Any CPU
		{3128DF00-F8A5-B140-371E-03A98BB6A133}.Debug|Any CPU.Build.0 = Debug|Any CPU
		{3128DF00-F8A5-B140-371E-03A98BB6A133}.Release|Any CPU.ActiveCfg = Release|Any CPU
		{3128DF00-F8A5-B140-371E-03A98BB6A133}.Release|Any CPU.Build.0 = Release|Any CPU
		{AB70E010-1383-C1F5-73C7-2610FA96A5F5}.Debug|Any CPU.ActiveCfg = Debug|Any CPU
		{AB70E010-1383-C1F5-73C7-2610FA96A5F5}.Debug|Any CPU.Build.0 = Debug|Any CPU
		{AB70E010-1383-C1F5-73C7-2610FA96A5F5}.Release|Any CPU.ActiveCfg = Release|Any CPU
		{AB70E010-1383-C1F5-73C7-2610FA96A5F5}.Release|Any CPU.Build.0 = Release|Any CPU
		{C6999299-19DF-3598-8AB6-CAF38F9175CA}.Debug|Any CPU.ActiveCfg = Debug|Any CPU
		{C6999299-19DF-3598-8AB6-CAF38F9175CA}.Debug|Any CPU.Build.0 = Debug|Any CPU
		{C6999299-19DF-3598-8AB6-CAF38F9175CA}.Release|Any CPU.ActiveCfg = Release|Any CPU
		{C6999299-19DF-3598-8AB6-CAF38F9175CA}.Release|Any CPU.Build.0 = Release|Any CPU
		{385403DD-5395-0E57-A581-DD8329082DD9}.Debug|Any CPU.ActiveCfg = Debug|Any CPU
		{385403DD-5395-0E57-A581-DD8329082DD9}.Debug|Any CPU.Build.0 = Debug|Any CPU
		{385403DD-5395-0E57-A581-DD8329082DD9}.Release|Any CPU.ActiveCfg = Release|Any CPU
		{385403DD-5395-0E57-A581-DD8329082DD9}.Release|Any CPU.Build.0 = Release|Any CPU
		{AFBF7104-0A5B-182B-DEE8-734DE494F519}.Debug|Any CPU.ActiveCfg = Debug|Any CPU
		{AFBF7104-0A5B-182B-DEE8-734DE494F519}.Debug|Any CPU.Build.0 = Debug|Any CPU
		{AFBF7104-0A5B-182B-DEE8-734DE494F519}.Release|Any CPU.ActiveCfg = Release|Any CPU
		{AFBF7104-0A5B-182B-DEE8-734DE494F519}.Release|Any CPU.Build.0 = Release|Any CPU
		{B29959DC-6A10-8912-A9A9-92907DD32985}.Debug|Any CPU.ActiveCfg = Debug|Any CPU
		{B29959DC-6A10-8912-A9A9-92907DD32985}.Debug|Any CPU.Build.0 = Debug|Any CPU
		{B29959DC-6A10-8912-A9A9-92907DD32985}.Release|Any CPU.ActiveCfg = Release|Any CPU
		{B29959DC-6A10-8912-A9A9-92907DD32985}.Release|Any CPU.Build.0 = Release|Any CPU
		{984F602F-D59A-2B31-4DAD-3E627081DF88}.Debug|Any CPU.ActiveCfg = Debug|Any CPU
		{984F602F-D59A-2B31-4DAD-3E627081DF88}.Debug|Any CPU.Build.0 = Debug|Any CPU
		{984F602F-D59A-2B31-4DAD-3E627081DF88}.Release|Any CPU.ActiveCfg = Release|Any CPU
		{984F602F-D59A-2B31-4DAD-3E627081DF88}.Release|Any CPU.Build.0 = Release|Any CPU
		{33A58013-9E47-1E2F-BF4B-BF09DAEA3E29}.Debug|Any CPU.ActiveCfg = Debug|Any CPU
		{33A58013-9E47-1E2F-BF4B-BF09DAEA3E29}.Debug|Any CPU.Build.0 = Debug|Any CPU
		{33A58013-9E47-1E2F-BF4B-BF09DAEA3E29}.Release|Any CPU.ActiveCfg = Release|Any CPU
		{33A58013-9E47-1E2F-BF4B-BF09DAEA3E29}.Release|Any CPU.Build.0 = Release|Any CPU
		{BD00A4FE-15C7-8A49-39F3-F9334563BF65}.Debug|Any CPU.ActiveCfg = Debug|Any CPU
		{BD00A4FE-15C7-8A49-39F3-F9334563BF65}.Debug|Any CPU.Build.0 = Debug|Any CPU
		{BD00A4FE-15C7-8A49-39F3-F9334563BF65}.Release|Any CPU.ActiveCfg = Release|Any CPU
		{BD00A4FE-15C7-8A49-39F3-F9334563BF65}.Release|Any CPU.Build.0 = Release|Any CPU
		{6A4E2582-F7C4-2346-790C-FFCD1B1CE14C}.Debug|Any CPU.ActiveCfg = Debug|Any CPU
		{6A4E2582-F7C4-2346-790C-FFCD1B1CE14C}.Debug|Any CPU.Build.0 = Debug|Any CPU
		{6A4E2582-F7C4-2346-790C-FFCD1B1CE14C}.Release|Any CPU.ActiveCfg = Release|Any CPU
		{6A4E2582-F7C4-2346-790C-FFCD1B1CE14C}.Release|Any CPU.Build.0 = Release|Any CPU
		{40B2F355-735D-91FA-0784-8FB356F9DDA3}.Debug|Any CPU.ActiveCfg = Debug|Any CPU
		{40B2F355-735D-91FA-0784-8FB356F9DDA3}.Debug|Any CPU.Build.0 = Debug|Any CPU
		{40B2F355-735D-91FA-0784-8FB356F9DDA3}.Release|Any CPU.ActiveCfg = Release|Any CPU
		{40B2F355-735D-91FA-0784-8FB356F9DDA3}.Release|Any CPU.Build.0 = Release|Any CPU
		{2EB77D6B-9203-3FB5-00F9-CB6E3A8985E3}.Debug|Any CPU.ActiveCfg = Debug|Any CPU
		{2EB77D6B-9203-3FB5-00F9-CB6E3A8985E3}.Debug|Any CPU.Build.0 = Debug|Any CPU
		{2EB77D6B-9203-3FB5-00F9-CB6E3A8985E3}.Release|Any CPU.ActiveCfg = Release|Any CPU
		{2EB77D6B-9203-3FB5-00F9-CB6E3A8985E3}.Release|Any CPU.Build.0 = Release|Any CPU
		{9AFC8B63-628B-0C25-8751-7F64B8475058}.Debug|Any CPU.ActiveCfg = Debug|Any CPU
		{9AFC8B63-628B-0C25-8751-7F64B8475058}.Debug|Any CPU.Build.0 = Debug|Any CPU
		{9AFC8B63-628B-0C25-8751-7F64B8475058}.Release|Any CPU.ActiveCfg = Release|Any CPU
		{9AFC8B63-628B-0C25-8751-7F64B8475058}.Release|Any CPU.Build.0 = Release|Any CPU
		{1EBCE676-B6C0-4973-C28F-19BC1895C6F2}.Debug|Any CPU.ActiveCfg = Debug|Any CPU
		{1EBCE676-B6C0-4973-C28F-19BC1895C6F2}.Debug|Any CPU.Build.0 = Debug|Any CPU
		{1EBCE676-B6C0-4973-C28F-19BC1895C6F2}.Release|Any CPU.ActiveCfg = Release|Any CPU
		{1EBCE676-B6C0-4973-C28F-19BC1895C6F2}.Release|Any CPU.Build.0 = Release|Any CPU
		{06521E2E-5869-C7BC-11AE-9261C00D7271}.Debug|Any CPU.ActiveCfg = Debug|Any CPU
		{06521E2E-5869-C7BC-11AE-9261C00D7271}.Debug|Any CPU.Build.0 = Debug|Any CPU
		{06521E2E-5869-C7BC-11AE-9261C00D7271}.Release|Any CPU.ActiveCfg = Release|Any CPU
		{06521E2E-5869-C7BC-11AE-9261C00D7271}.Release|Any CPU.Build.0 = Release|Any CPU
		{681840E7-11AA-673A-2BEC-F65FE7C8A7FD}.Debug|Any CPU.ActiveCfg = Debug|Any CPU
		{681840E7-11AA-673A-2BEC-F65FE7C8A7FD}.Debug|Any CPU.Build.0 = Debug|Any CPU
		{681840E7-11AA-673A-2BEC-F65FE7C8A7FD}.Release|Any CPU.ActiveCfg = Release|Any CPU
		{681840E7-11AA-673A-2BEC-F65FE7C8A7FD}.Release|Any CPU.Build.0 = Release|Any CPU
		{945F4DDF-7828-4031-B755-3ABCE1680E83}.Debug|Any CPU.ActiveCfg = Debug|Any CPU
		{945F4DDF-7828-4031-B755-3ABCE1680E83}.Debug|Any CPU.Build.0 = Debug|Any CPU
		{945F4DDF-7828-4031-B755-3ABCE1680E83}.Release|Any CPU.ActiveCfg = Release|Any CPU
		{945F4DDF-7828-4031-B755-3ABCE1680E83}.Release|Any CPU.Build.0 = Release|Any CPU
		{8676BFE8-EFF2-2CFB-7D71-964F2B82890A}.Debug|Any CPU.ActiveCfg = Debug|Any CPU
		{8676BFE8-EFF2-2CFB-7D71-964F2B82890A}.Debug|Any CPU.Build.0 = Debug|Any CPU
		{8676BFE8-EFF2-2CFB-7D71-964F2B82890A}.Release|Any CPU.ActiveCfg = Release|Any CPU
		{8676BFE8-EFF2-2CFB-7D71-964F2B82890A}.Release|Any CPU.Build.0 = Release|Any CPU
		{4444CDE4-0742-F7A9-5BBB-A9023EEF56B2}.Debug|Any CPU.ActiveCfg = Debug|Any CPU
		{4444CDE4-0742-F7A9-5BBB-A9023EEF56B2}.Debug|Any CPU.Build.0 = Debug|Any CPU
		{4444CDE4-0742-F7A9-5BBB-A9023EEF56B2}.Release|Any CPU.ActiveCfg = Release|Any CPU
		{4444CDE4-0742-F7A9-5BBB-A9023EEF56B2}.Release|Any CPU.Build.0 = Release|Any CPU
		{6DED6765-6496-E83B-2BFD-AE450A8B03CA}.Debug|Any CPU.ActiveCfg = Debug|Any CPU
		{6DED6765-6496-E83B-2BFD-AE450A8B03CA}.Debug|Any CPU.Build.0 = Debug|Any CPU
		{6DED6765-6496-E83B-2BFD-AE450A8B03CA}.Release|Any CPU.ActiveCfg = Release|Any CPU
		{6DED6765-6496-E83B-2BFD-AE450A8B03CA}.Release|Any CPU.Build.0 = Release|Any CPU
		{892CCA79-D289-6168-CD2E-3A7B718D5E72}.Debug|Any CPU.ActiveCfg = Debug|Any CPU
		{892CCA79-D289-6168-CD2E-3A7B718D5E72}.Debug|Any CPU.Build.0 = Debug|Any CPU
		{892CCA79-D289-6168-CD2E-3A7B718D5E72}.Release|Any CPU.ActiveCfg = Release|Any CPU
		{892CCA79-D289-6168-CD2E-3A7B718D5E72}.Release|Any CPU.Build.0 = Release|Any CPU
		{7C9CF7E3-80EE-0C3C-C6B6-340F20AF7DAA}.Debug|Any CPU.ActiveCfg = Debug|Any CPU
		{7C9CF7E3-80EE-0C3C-C6B6-340F20AF7DAA}.Debug|Any CPU.Build.0 = Debug|Any CPU
		{7C9CF7E3-80EE-0C3C-C6B6-340F20AF7DAA}.Release|Any CPU.ActiveCfg = Release|Any CPU
		{7C9CF7E3-80EE-0C3C-C6B6-340F20AF7DAA}.Release|Any CPU.Build.0 = Release|Any CPU
		{6489C6F0-83C5-40BC-EA5A-D02A5C91FB2D}.Debug|Any CPU.ActiveCfg = Debug|Any CPU
		{6489C6F0-83C5-40BC-EA5A-D02A5C91FB2D}.Debug|Any CPU.Build.0 = Debug|Any CPU
		{6489C6F0-83C5-40BC-EA5A-D02A5C91FB2D}.Release|Any CPU.ActiveCfg = Release|Any CPU
		{6489C6F0-83C5-40BC-EA5A-D02A5C91FB2D}.Release|Any CPU.Build.0 = Release|Any CPU
		{330B0064-30E4-F270-CC11-A26C746DF33D}.Debug|Any CPU.ActiveCfg = Debug|Any CPU
		{330B0064-30E4-F270-CC11-A26C746DF33D}.Debug|Any CPU.Build.0 = Debug|Any CPU
		{330B0064-30E4-F270-CC11-A26C746DF33D}.Release|Any CPU.ActiveCfg = Release|Any CPU
		{330B0064-30E4-F270-CC11-A26C746DF33D}.Release|Any CPU.Build.0 = Release|Any CPU
		{B58CAE00-8A30-2EDA-5AD3-EA97735CC997}.Debug|Any CPU.ActiveCfg = Debug|Any CPU
		{B58CAE00-8A30-2EDA-5AD3-EA97735CC997}.Debug|Any CPU.Build.0 = Debug|Any CPU
		{B58CAE00-8A30-2EDA-5AD3-EA97735CC997}.Release|Any CPU.ActiveCfg = Release|Any CPU
		{B58CAE00-8A30-2EDA-5AD3-EA97735CC997}.Release|Any CPU.Build.0 = Release|Any CPU
		{5C28B297-E5B2-4CF7-B8D3-A7678E055D60}.Debug|Any CPU.ActiveCfg = Debug|Any CPU
		{5C28B297-E5B2-4CF7-B8D3-A7678E055D60}.Debug|Any CPU.Build.0 = Debug|Any CPU
		{5C28B297-E5B2-4CF7-B8D3-A7678E055D60}.Release|Any CPU.ActiveCfg = Release|Any CPU
		{5C28B297-E5B2-4CF7-B8D3-A7678E055D60}.Release|Any CPU.Build.0 = Release|Any CPU
		{892BBA02-F22B-E59E-CB91-F87496192FDA}.Debug|Any CPU.ActiveCfg = Debug|Any CPU
		{892BBA02-F22B-E59E-CB91-F87496192FDA}.Debug|Any CPU.Build.0 = Debug|Any CPU
		{892BBA02-F22B-E59E-CB91-F87496192FDA}.Release|Any CPU.ActiveCfg = Release|Any CPU
		{892BBA02-F22B-E59E-CB91-F87496192FDA}.Release|Any CPU.Build.0 = Release|Any CPU
		{CF063DA7-3DD3-9083-0EE2-9C9E87109DA7}.Debug|Any CPU.ActiveCfg = Debug|Any CPU
		{CF063DA7-3DD3-9083-0EE2-9C9E87109DA7}.Debug|Any CPU.Build.0 = Debug|Any CPU
		{CF063DA7-3DD3-9083-0EE2-9C9E87109DA7}.Release|Any CPU.ActiveCfg = Release|Any CPU
		{CF063DA7-3DD3-9083-0EE2-9C9E87109DA7}.Release|Any CPU.Build.0 = Release|Any CPU
	EndGlobalSection
	GlobalSection(SolutionProperties) = preSolution
		HideSolutionNode = FALSE
	EndGlobalSection
EndGlobal
