
Microsoft Visual Studio Solution File, Format Version 12.00
# Visual Studio 15
Project("{FAE04EC0-301F-11D3-BF4B-00C04F79EFBC}") = "Meta.WitAi", "Meta.WitAi.csproj", "{C2B2B1E4-7079-982E-292F-F37296C44142}"
EndProject
Project("{FAE04EC0-301F-11D3-BF4B-00C04F79EFBC}") = "VoiceSDK.Dictation.Runtime", "VoiceSDK.Dictation.Runtime.csproj", "{6A8F7CAB-B63F-DFC5-B9AE-E24BE27DEFA5}"
EndProject
Project("{FAE04EC0-301F-11D3-BF4B-00C04F79EFBC}") = "Meta.WitAi.Lib", "Meta.WitAi.Lib.csproj", "{C58DE582-F8E7-133A-C7B5-BD8E26F9DA3F}"
EndProject
Project("{FAE04EC0-301F-11D3-BF4B-00C04F79EFBC}") = "Meta.Voice.Hub.Runtime", "Meta.Voice.Hub.Runtime.csproj", "{BEF70F92-98A5-23E1-3F8B-4EB9C7F6F35B}"
EndProject
Project("{FAE04EC0-301F-11D3-BF4B-00C04F79EFBC}") = "VoiceSDK.Runtime", "VoiceSDK.Runtime.csproj", "{3ACF0AA6-EAF2-7F01-19F9-DD0988EC4B56}"
EndProject
Project("{FAE04EC0-301F-11D3-BF4B-00C04F79EFBC}") = "Meta.WitAi.TTS.Samples", "Meta.WitAi.TTS.Samples.csproj", "{252DDF1D-A9BE-B0E5-3ABA-50CE18DB4723}"
EndProject
Project("{FAE04EC0-301F-11D3-BF4B-00C04F79EFBC}") = "Oculus.Voice.Demo", "Oculus.Voice.Demo.csproj", "{2A8E08D5-0290-7C52-FFE2-92871386A89F}"
EndProject
Project("{FAE04EC0-301F-11D3-BF4B-00C04F79EFBC}") = "AssistantCoreSDKRuntime", "AssistantCoreSDKRuntime.csproj", "{855EF459-6145-0699-7E66-726202F64AF2}"
EndProject
Project("{FAE04EC0-301F-11D3-BF4B-00C04F79EFBC}") = "Meta.WitAi.Conduit", "Meta.WitAi.Conduit.csproj", "{8E367EC7-9194-E651-F446-F2415FA19F55}"
EndProject
Project("{FAE04EC0-301F-11D3-BF4B-00C04F79EFBC}") = "Oculus.LipSync", "Oculus.LipSync.csproj", "{9C7FD35A-4026-24CD-26E2-4BC21962C084}"
EndProject
Project("{FAE04EC0-301F-11D3-BF4B-00C04F79EFBC}") = "Assembly-CSharp", "Assembly-CSharp.csproj", "{DC8B4870-48E3-8253-A298-825908027A4D}"
EndProject
Project("{FAE04EC0-301F-11D3-BF4B-00C04F79EFBC}") = "Meta.VoiceSDK.Mic.Other", "Meta.VoiceSDK.Mic.Other.csproj", "{2C0614C7-8480-95C1-6608-A0456E02F6F3}"
EndProject
Project("{FAE04EC0-301F-11D3-BF4B-00C04F79EFBC}") = "Meta.VoiceSDK.Mic.WebGL", "Meta.VoiceSDK.Mic.WebGL.csproj", "{F3ECAFF2-2033-6461-D989-4289B8363643}"
EndProject
Project("{FAE04EC0-301F-11D3-BF4B-00C04F79EFBC}") = "Meta.VoiceSDK.Mic.Common", "Meta.VoiceSDK.Mic.Common.csproj", "{8C5EC975-761F-4612-364B-D1236EFAA9E2}"
EndProject
Project("{FAE04EC0-301F-11D3-BF4B-00C04F79EFBC}") = "Facebook.Wit.Dictation", "Facebook.Wit.Dictation.csproj", "{BE63FF8D-1264-9C26-6CC2-D16EAB3D5E9A}"
EndProject
Project("{FAE04EC0-301F-11D3-BF4B-00C04F79EFBC}") = "Unity.XR.Interaction.Toolkit.Samples.StarterAssets", "Unity.XR.Interaction.Toolkit.Samples.StarterAssets.csproj", "{FEFB4C5B-A7EE-524A-47FC-FB84375632A9}"
EndProject
Project("{FAE04EC0-301F-11D3-BF4B-00C04F79EFBC}") = "Meta.WitAi.TTS", "Meta.WitAi.TTS.csproj", "{B32962FD-C4BD-EAF8-DFE0-A09B287AC8A0}"
EndProject
Project("{FAE04EC0-301F-11D3-BF4B-00C04F79EFBC}") = "Meta.WitAi.Editor", "Meta.WitAi.Editor.csproj", "{83F963A7-05ED-B29E-2D83-B76ED298E686}"
EndProject
Project("{FAE04EC0-301F-11D3-BF4B-00C04F79EFBC}") = "Meta.WitAI.Lib.Editor", "Meta.WitAI.Lib.Editor.csproj", "{45585A58-1F35-FF2A-8597-7DCD5DA80EDB}"
EndProject
Project("{FAE04EC0-301F-11D3-BF4B-00C04F79EFBC}") = "Meta.WitAi.Conduit.Editor", "Meta.WitAi.Conduit.Editor.csproj", "{CA0AEA1E-F226-678E-EBC3-6E1BA5BBFDD1}"
EndProject
Project("{FAE04EC0-301F-11D3-BF4B-00C04F79EFBC}") = "Meta.Voice.Hub.Editor", "Meta.Voice.Hub.Editor.csproj", "{223A629A-EC12-00E8-E63C-461F302DF788}"
EndProject
Project("{FAE04EC0-301F-11D3-BF4B-00C04F79EFBC}") = "Meta.WitAi.TTS.Editor", "Meta.WitAi.TTS.Editor.csproj", "{F53576FD-6302-013A-B8DB-7FDE62B43560}"
EndProject
Project("{FAE04EC0-301F-11D3-BF4B-00C04F79EFBC}") = "VoiceSDK.Dictation.Editor", "VoiceSDK.Dictation.Editor.csproj", "{B2A2A965-04CD-5515-5972-D31B1FC5D314}"
EndProject
Project("{FAE04EC0-301F-11D3-BF4B-00C04F79EFBC}") = "VoiceSDK.Editor", "VoiceSDK.Editor.csproj", "{17A9180A-E740-F44E-DC31-BE18D9FDD909}"
EndProject
Project("{FAE04EC0-301F-11D3-BF4B-00C04F79EFBC}") = "Assembly-CSharp-Editor", "Assembly-CSharp-Editor.csproj", "{DA2FEDC4-8C43-1391-E9DF-0AB7BAF545FD}"
EndProject
Project("{FAE04EC0-301F-11D3-BF4B-00C04F79EFBC}") = "Oculus.LipSync.Editor", "Oculus.LipSync.Editor.csproj", "{87960EC3-1FA8-CC95-8534-D7F51328B1BC}"
EndProject
Project("{FAE04EC0-301F-11D3-BF4B-00C04F79EFBC}") = "Facebook.Wit.Dictation.Editor", "Facebook.Wit.Dictation.Editor.csproj", "{AD3E9481-E613-C42E-D5E8-062CF5D41C35}"
EndProject
Project("{FAE04EC0-301F-11D3-BF4B-00C04F79EFBC}") = "Meta.Voice.VSDKHub.Editor", "Meta.Voice.VSDKHub.Editor.csproj", "{8BA83DAD-847C-E038-CC5E-42082616EFC9}"
EndProject
Project("{FAE04EC0-301F-11D3-BF4B-00C04F79EFBC}") = "AssistantCoreSDKEditor", "AssistantCoreSDKEditor.csproj", "{1C920118-322A-8B7C-99B3-006AC0C480F7}"
EndProject
Global
	GlobalSection(SolutionConfigurationPlatforms) = preSolution
		Debug|Any CPU = Debug|Any CPU
		Release|Any CPU = Release|Any CPU
	EndGlobalSection
	GlobalSection(ProjectConfigurationPlatforms) = postSolution
		{C2B2B1E4-7079-982E-292F-F37296C44142}.Debug|Any CPU.ActiveCfg = Debug|Any CPU
		{C2B2B1E4-7079-982E-292F-F37296C44142}.Debug|Any CPU.Build.0 = Debug|Any CPU
		{C2B2B1E4-7079-982E-292F-F37296C44142}.Release|Any CPU.ActiveCfg = Release|Any CPU
		{C2B2B1E4-7079-982E-292F-F37296C44142}.Release|Any CPU.Build.0 = Release|Any CPU
		{6A8F7CAB-B63F-DFC5-B9AE-E24BE27DEFA5}.Debug|Any CPU.ActiveCfg = Debug|Any CPU
		{6A8F7CAB-B63F-DFC5-B9AE-E24BE27DEFA5}.Debug|Any CPU.Build.0 = Debug|Any CPU
		{6A8F7CAB-B63F-DFC5-B9AE-E24BE27DEFA5}.Release|Any CPU.ActiveCfg = Release|Any CPU
		{6A8F7CAB-B63F-DFC5-B9AE-E24BE27DEFA5}.Release|Any CPU.Build.0 = Release|Any CPU
		{C58DE582-F8E7-133A-C7B5-BD8E26F9DA3F}.Debug|Any CPU.ActiveCfg = Debug|Any CPU
		{C58DE582-F8E7-133A-C7B5-BD8E26F9DA3F}.Debug|Any CPU.Build.0 = Debug|Any CPU
		{C58DE582-F8E7-133A-C7B5-BD8E26F9DA3F}.Release|Any CPU.ActiveCfg = Release|Any CPU
		{C58DE582-F8E7-133A-C7B5-BD8E26F9DA3F}.Release|Any CPU.Build.0 = Release|Any CPU
		{BEF70F92-98A5-23E1-3F8B-4EB9C7F6F35B}.Debug|Any CPU.ActiveCfg = Debug|Any CPU
		{BEF70F92-98A5-23E1-3F8B-4EB9C7F6F35B}.Debug|Any CPU.Build.0 = Debug|Any CPU
		{BEF70F92-98A5-23E1-3F8B-4EB9C7F6F35B}.Release|Any CPU.ActiveCfg = Release|Any CPU
		{BEF70F92-98A5-23E1-3F8B-4EB9C7F6F35B}.Release|Any CPU.Build.0 = Release|Any CPU
		{3ACF0AA6-EAF2-7F01-19F9-DD0988EC4B56}.Debug|Any CPU.ActiveCfg = Debug|Any CPU
		{3ACF0AA6-EAF2-7F01-19F9-DD0988EC4B56}.Debug|Any CPU.Build.0 = Debug|Any CPU
		{3ACF0AA6-EAF2-7F01-19F9-DD0988EC4B56}.Release|Any CPU.ActiveCfg = Release|Any CPU
		{3ACF0AA6-EAF2-7F01-19F9-DD0988EC4B56}.Release|Any CPU.Build.0 = Release|Any CPU
		{252DDF1D-A9BE-B0E5-3ABA-50CE18DB4723}.Debug|Any CPU.ActiveCfg = Debug|Any CPU
		{252DDF1D-A9BE-B0E5-3ABA-50CE18DB4723}.Debug|Any CPU.Build.0 = Debug|Any CPU
		{252DDF1D-A9BE-B0E5-3ABA-50CE18DB4723}.Release|Any CPU.ActiveCfg = Release|Any CPU
		{252DDF1D-A9BE-B0E5-3ABA-50CE18DB4723}.Release|Any CPU.Build.0 = Release|Any CPU
		{2A8E08D5-0290-7C52-FFE2-92871386A89F}.Debug|Any CPU.ActiveCfg = Debug|Any CPU
		{2A8E08D5-0290-7C52-FFE2-92871386A89F}.Debug|Any CPU.Build.0 = Debug|Any CPU
		{2A8E08D5-0290-7C52-FFE2-92871386A89F}.Release|Any CPU.ActiveCfg = Release|Any CPU
		{2A8E08D5-0290-7C52-FFE2-92871386A89F}.Release|Any CPU.Build.0 = Release|Any CPU
		{855EF459-6145-0699-7E66-726202F64AF2}.Debug|Any CPU.ActiveCfg = Debug|Any CPU
		{855EF459-6145-0699-7E66-726202F64AF2}.Debug|Any CPU.Build.0 = Debug|Any CPU
		{855EF459-6145-0699-7E66-726202F64AF2}.Release|Any CPU.ActiveCfg = Release|Any CPU
		{855EF459-6145-0699-7E66-726202F64AF2}.Release|Any CPU.Build.0 = Release|Any CPU
		{8E367EC7-9194-E651-F446-F2415FA19F55}.Debug|Any CPU.ActiveCfg = Debug|Any CPU
		{8E367EC7-9194-E651-F446-F2415FA19F55}.Debug|Any CPU.Build.0 = Debug|Any CPU
		{8E367EC7-9194-E651-F446-F2415FA19F55}.Release|Any CPU.ActiveCfg = Release|Any CPU
		{8E367EC7-9194-E651-F446-F2415FA19F55}.Release|Any CPU.Build.0 = Release|Any CPU
		{9C7FD35A-4026-24CD-26E2-4BC21962C084}.Debug|Any CPU.ActiveCfg = Debug|Any CPU
		{9C7FD35A-4026-24CD-26E2-4BC21962C084}.Debug|Any CPU.Build.0 = Debug|Any CPU
		{9C7FD35A-4026-24CD-26E2-4BC21962C084}.Release|Any CPU.ActiveCfg = Release|Any CPU
		{9C7FD35A-4026-24CD-26E2-4BC21962C084}.Release|Any CPU.Build.0 = Release|Any CPU
		{DC8B4870-48E3-8253-A298-825908027A4D}.Debug|Any CPU.ActiveCfg = Debug|Any CPU
		{DC8B4870-48E3-8253-A298-825908027A4D}.Debug|Any CPU.Build.0 = Debug|Any CPU
		{DC8B4870-48E3-8253-A298-825908027A4D}.Release|Any CPU.ActiveCfg = Release|Any CPU
		{DC8B4870-48E3-8253-A298-825908027A4D}.Release|Any CPU.Build.0 = Release|Any CPU
		{2C0614C7-8480-95C1-6608-A0456E02F6F3}.Debug|Any CPU.ActiveCfg = Debug|Any CPU
		{2C0614C7-8480-95C1-6608-A0456E02F6F3}.Debug|Any CPU.Build.0 = Debug|Any CPU
		{2C0614C7-8480-95C1-6608-A0456E02F6F3}.Release|Any CPU.ActiveCfg = Release|Any CPU
		{2C0614C7-8480-95C1-6608-A0456E02F6F3}.Release|Any CPU.Build.0 = Release|Any CPU
		{F3ECAFF2-2033-6461-D989-4289B8363643}.Debug|Any CPU.ActiveCfg = Debug|Any CPU
		{F3ECAFF2-2033-6461-D989-4289B8363643}.Debug|Any CPU.Build.0 = Debug|Any CPU
		{F3ECAFF2-2033-6461-D989-4289B8363643}.Release|Any CPU.ActiveCfg = Release|Any CPU
		{F3ECAFF2-2033-6461-D989-4289B8363643}.Release|Any CPU.Build.0 = Release|Any CPU
		{8C5EC975-761F-4612-364B-D1236EFAA9E2}.Debug|Any CPU.ActiveCfg = Debug|Any CPU
		{8C5EC975-761F-4612-364B-D1236EFAA9E2}.Debug|Any CPU.Build.0 = Debug|Any CPU
		{8C5EC975-761F-4612-364B-D1236EFAA9E2}.Release|Any CPU.ActiveCfg = Release|Any CPU
		{8C5EC975-761F-4612-364B-D1236EFAA9E2}.Release|Any CPU.Build.0 = Release|Any CPU
		{BE63FF8D-1264-9C26-6CC2-D16EAB3D5E9A}.Debug|Any CPU.ActiveCfg = Debug|Any CPU
		{BE63FF8D-1264-9C26-6CC2-D16EAB3D5E9A}.Debug|Any CPU.Build.0 = Debug|Any CPU
		{BE63FF8D-1264-9C26-6CC2-D16EAB3D5E9A}.Release|Any CPU.ActiveCfg = Release|Any CPU
		{BE63FF8D-1264-9C26-6CC2-D16EAB3D5E9A}.Release|Any CPU.Build.0 = Release|Any CPU
		{FEFB4C5B-A7EE-524A-47FC-FB84375632A9}.Debug|Any CPU.ActiveCfg = Debug|Any CPU
		{FEFB4C5B-A7EE-524A-47FC-FB84375632A9}.Debug|Any CPU.Build.0 = Debug|Any CPU
		{FEFB4C5B-A7EE-524A-47FC-FB84375632A9}.Release|Any CPU.ActiveCfg = Release|Any CPU
		{FEFB4C5B-A7EE-524A-47FC-FB84375632A9}.Release|Any CPU.Build.0 = Release|Any CPU
		{B32962FD-C4BD-EAF8-DFE0-A09B287AC8A0}.Debug|Any CPU.ActiveCfg = Debug|Any CPU
		{B32962FD-C4BD-EAF8-DFE0-A09B287AC8A0}.Debug|Any CPU.Build.0 = Debug|Any CPU
		{B32962FD-C4BD-EAF8-DFE0-A09B287AC8A0}.Release|Any CPU.ActiveCfg = Release|Any CPU
		{B32962FD-C4BD-EAF8-DFE0-A09B287AC8A0}.Release|Any CPU.Build.0 = Release|Any CPU
		{83F963A7-05ED-B29E-2D83-B76ED298E686}.Debug|Any CPU.ActiveCfg = Debug|Any CPU
		{83F963A7-05ED-B29E-2D83-B76ED298E686}.Debug|Any CPU.Build.0 = Debug|Any CPU
		{83F963A7-05ED-B29E-2D83-B76ED298E686}.Release|Any CPU.ActiveCfg = Release|Any CPU
		{83F963A7-05ED-B29E-2D83-B76ED298E686}.Release|Any CPU.Build.0 = Release|Any CPU
		{45585A58-1F35-FF2A-8597-7DCD5DA80EDB}.Debug|Any CPU.ActiveCfg = Debug|Any CPU
		{45585A58-1F35-FF2A-8597-7DCD5DA80EDB}.Debug|Any CPU.Build.0 = Debug|Any CPU
		{45585A58-1F35-FF2A-8597-7DCD5DA80EDB}.Release|Any CPU.ActiveCfg = Release|Any CPU
		{45585A58-1F35-FF2A-8597-7DCD5DA80EDB}.Release|Any CPU.Build.0 = Release|Any CPU
		{CA0AEA1E-F226-678E-EBC3-6E1BA5BBFDD1}.Debug|Any CPU.ActiveCfg = Debug|Any CPU
		{CA0AEA1E-F226-678E-EBC3-6E1BA5BBFDD1}.Debug|Any CPU.Build.0 = Debug|Any CPU
		{CA0AEA1E-F226-678E-EBC3-6E1BA5BBFDD1}.Release|Any CPU.ActiveCfg = Release|Any CPU
		{CA0AEA1E-F226-678E-EBC3-6E1BA5BBFDD1}.Release|Any CPU.Build.0 = Release|Any CPU
		{223A629A-EC12-00E8-E63C-461F302DF788}.Debug|Any CPU.ActiveCfg = Debug|Any CPU
		{223A629A-EC12-00E8-E63C-461F302DF788}.Debug|Any CPU.Build.0 = Debug|Any CPU
		{223A629A-EC12-00E8-E63C-461F302DF788}.Release|Any CPU.ActiveCfg = Release|Any CPU
		{223A629A-EC12-00E8-E63C-461F302DF788}.Release|Any CPU.Build.0 = Release|Any CPU
		{F53576FD-6302-013A-B8DB-7FDE62B43560}.Debug|Any CPU.ActiveCfg = Debug|Any CPU
		{F53576FD-6302-013A-B8DB-7FDE62B43560}.Debug|Any CPU.Build.0 = Debug|Any CPU
		{F53576FD-6302-013A-B8DB-7FDE62B43560}.Release|Any CPU.ActiveCfg = Release|Any CPU
		{F53576FD-6302-013A-B8DB-7FDE62B43560}.Release|Any CPU.Build.0 = Release|Any CPU
		{B2A2A965-04CD-5515-5972-D31B1FC5D314}.Debug|Any CPU.ActiveCfg = Debug|Any CPU
		{B2A2A965-04CD-5515-5972-D31B1FC5D314}.Debug|Any CPU.Build.0 = Debug|Any CPU
		{B2A2A965-04CD-5515-5972-D31B1FC5D314}.Release|Any CPU.ActiveCfg = Release|Any CPU
		{B2A2A965-04CD-5515-5972-D31B1FC5D314}.Release|Any CPU.Build.0 = Release|Any CPU
		{17A9180A-E740-F44E-DC31-BE18D9FDD909}.Debug|Any CPU.ActiveCfg = Debug|Any CPU
		{17A9180A-E740-F44E-DC31-BE18D9FDD909}.Debug|Any CPU.Build.0 = Debug|Any CPU
		{17A9180A-E740-F44E-DC31-BE18D9FDD909}.Release|Any CPU.ActiveCfg = Release|Any CPU
		{17A9180A-E740-F44E-DC31-BE18D9FDD909}.Release|Any CPU.Build.0 = Release|Any CPU
		{DA2FEDC4-8C43-1391-E9DF-0AB7BAF545FD}.Debug|Any CPU.ActiveCfg = Debug|Any CPU
		{DA2FEDC4-8C43-1391-E9DF-0AB7BAF545FD}.Debug|Any CPU.Build.0 = Debug|Any CPU
		{DA2FEDC4-8C43-1391-E9DF-0AB7BAF545FD}.Release|Any CPU.ActiveCfg = Release|Any CPU
		{DA2FEDC4-8C43-1391-E9DF-0AB7BAF545FD}.Release|Any CPU.Build.0 = Release|Any CPU
		{87960EC3-1FA8-CC95-8534-D7F51328B1BC}.Debug|Any CPU.ActiveCfg = Debug|Any CPU
		{87960EC3-1FA8-CC95-8534-D7F51328B1BC}.Debug|Any CPU.Build.0 = Debug|Any CPU
		{87960EC3-1FA8-CC95-8534-D7F51328B1BC}.Release|Any CPU.ActiveCfg = Release|Any CPU
		{87960EC3-1FA8-CC95-8534-D7F51328B1BC}.Release|Any CPU.Build.0 = Release|Any CPU
		{AD3E9481-E613-C42E-D5E8-062CF5D41C35}.Debug|Any CPU.ActiveCfg = Debug|Any CPU
		{AD3E9481-E613-C42E-D5E8-062CF5D41C35}.Debug|Any CPU.Build.0 = Debug|Any CPU
		{AD3E9481-E613-C42E-D5E8-062CF5D41C35}.Release|Any CPU.ActiveCfg = Release|Any CPU
		{AD3E9481-E613-C42E-D5E8-062CF5D41C35}.Release|Any CPU.Build.0 = Release|Any CPU
		{8BA83DAD-847C-E038-CC5E-42082616EFC9}.Debug|Any CPU.ActiveCfg = Debug|Any CPU
		{8BA83DAD-847C-E038-CC5E-42082616EFC9}.Debug|Any CPU.Build.0 = Debug|Any CPU
		{8BA83DAD-847C-E038-CC5E-42082616EFC9}.Release|Any CPU.ActiveCfg = Release|Any CPU
		{8BA83DAD-847C-E038-CC5E-42082616EFC9}.Release|Any CPU.Build.0 = Release|Any CPU
		{1C920118-322A-8B7C-99B3-006AC0C480F7}.Debug|Any CPU.ActiveCfg = Debug|Any CPU
		{1C920118-322A-8B7C-99B3-006AC0C480F7}.Debug|Any CPU.Build.0 = Debug|Any CPU
		{1C920118-322A-8B7C-99B3-006AC0C480F7}.Release|Any CPU.ActiveCfg = Release|Any CPU
		{1C920118-322A-8B7C-99B3-006AC0C480F7}.Release|Any CPU.Build.0 = Release|Any CPU
	EndGlobalSection
	GlobalSection(SolutionProperties) = preSolution
		HideSolutionNode = FALSE
	EndGlobalSection
EndGlobal
